
Microsoft Visual Studio Solution File, Format Version 12.00
# Visual Studio 15
VisualStudioVersion = 15.0.28307.852
MinimumVisualStudioVersion = 10.0.40219.1
Project("{FAE04EC0-301F-11D3-BF4B-00C04F79EFBC}") = "Agenda Mk2", "Agenda Mk2\Agenda Mk2.csproj", "{88CB0F23-F98F-4544-B20B-A55C9D792F90}"
EndProject
Global
	GlobalSection(SolutionConfigurationPlatforms) = preSolution
		Debug|Any CPU = Debug|Any CPU
		Release|Any CPU = Release|Any CPU
	EndGlobalSection
	GlobalSection(ProjectConfigurationPlatforms) = postSolution
		{88CB0F23-F98F-4544-B20B-A55C9D792F90}.Debug|Any CPU.ActiveCfg = Debug|Any CPU
		{88CB0F23-F98F-4544-B20B-A55C9D792F90}.Debug|Any CPU.Build.0 = Debug|Any CPU
		{88CB0F23-F98F-4544-B20B-A55C9D792F90}.Release|Any CPU.ActiveCfg = Release|Any CPU
		{88CB0F23-F98F-4544-B20B-A55C9D792F90}.Release|Any CPU.Build.0 = Release|Any CPU
	EndGlobalSection
	GlobalSection(SolutionProperties) = preSolution
		HideSolutionNode = FALSE
	EndGlobalSection
	GlobalSection(ExtensibilityGlobals) = postSolution
		SolutionGuid = {3E8AE6B3-46F7-4AE9-9587-9A8AAED9FA0F}
	EndGlobalSection
EndGlobal
